
Microsoft Visual Studio Solution File, Format Version 12.00
# Visual Studio 15
VisualStudioVersion = 15.0.28307.168
MinimumVisualStudioVersion = 10.0.40219.1
Project("{8BC9CEB8-8B4A-11D0-8D11-00A0C91BC942}") = "MoveStrings", "MoveStrings\MoveStrings.vcxproj", "{94DB7612-640A-4FEA-BF69-093B6E4430AC}"
EndProject
Global
	GlobalSection(SolutionConfigurationPlatforms) = preSolution
		Debug|x64 = Debug|x64
		Debug|x86 = Debug|x86
		Release|x64 = Release|x64
		Release|x86 = Release|x86
	EndGlobalSection
	GlobalSection(ProjectConfigurationPlatforms) = postSolution
		{94DB7612-640A-4FEA-BF69-093B6E4430AC}.Debug|x64.ActiveCfg = Debug|x64
		{94DB7612-640A-4FEA-BF69-093B6E4430AC}.Debug|x64.Build.0 = Debug|x64
		{94DB7612-640A-4FEA-BF69-093B6E4430AC}.Debug|x86.ActiveCfg = Debug|Win32
		{94DB7612-640A-4FEA-BF69-093B6E4430AC}.Debug|x86.Build.0 = Debug|Win32
		{94DB7612-640A-4FEA-BF69-093B6E4430AC}.Release|x64.ActiveCfg = Release|x64
		{94DB7612-640A-4FEA-BF69-093B6E4430AC}.Release|x64.Build.0 = Release|x64
		{94DB7612-640A-4FEA-BF69-093B6E4430AC}.Release|x86.ActiveCfg = Release|Win32
		{94DB7612-640A-4FEA-BF69-093B6E4430AC}.Release|x86.Build.0 = Release|Win32
	EndGlobalSection
	GlobalSection(SolutionProperties) = preSolution
		HideSolutionNode = FALSE
	EndGlobalSection
	GlobalSection(ExtensibilityGlobals) = postSolution
		SolutionGuid = {83EA67B1-B5DD-46FF-BF79-8F39502B615B}
	EndGlobalSection
EndGlobal
