
Microsoft Visual Studio Solution File, Format Version 12.00
# Visual Studio 15
VisualStudioVersion = 15.0.28307.539
MinimumVisualStudioVersion = 10.0.40219.1
Project("{8BC9CEB8-8B4A-11D0-8D11-00A0C91BC942}") = "EBook", "EBook\EBook.vcxproj", "{99D9C69F-1CEE-4753-9A46-92F547BD3BBD}"
EndProject
Global
	GlobalSection(SolutionConfigurationPlatforms) = preSolution
		Debug|x64 = Debug|x64
		Debug|x86 = Debug|x86
		Release|x64 = Release|x64
		Release|x86 = Release|x86
	EndGlobalSection
	GlobalSection(ProjectConfigurationPlatforms) = postSolution
		{99D9C69F-1CEE-4753-9A46-92F547BD3BBD}.Debug|x64.ActiveCfg = Debug|x64
		{99D9C69F-1CEE-4753-9A46-92F547BD3BBD}.Debug|x64.Build.0 = Debug|x64
		{99D9C69F-1CEE-4753-9A46-92F547BD3BBD}.Debug|x86.ActiveCfg = Debug|Win32
		{99D9C69F-1CEE-4753-9A46-92F547BD3BBD}.Debug|x86.Build.0 = Debug|Win32
		{99D9C69F-1CEE-4753-9A46-92F547BD3BBD}.Release|x64.ActiveCfg = Release|x64
		{99D9C69F-1CEE-4753-9A46-92F547BD3BBD}.Release|x64.Build.0 = Release|x64
		{99D9C69F-1CEE-4753-9A46-92F547BD3BBD}.Release|x86.ActiveCfg = Release|Win32
		{99D9C69F-1CEE-4753-9A46-92F547BD3BBD}.Release|x86.Build.0 = Release|Win32
	EndGlobalSection
	GlobalSection(SolutionProperties) = preSolution
		HideSolutionNode = FALSE
	EndGlobalSection
	GlobalSection(ExtensibilityGlobals) = postSolution
		SolutionGuid = {FAB63DAC-08F3-47A3-BBE7-E9E0FFF6393B}
	EndGlobalSection
EndGlobal
