
Microsoft Visual Studio Solution File, Format Version 12.00
# Visual Studio 15
VisualStudioVersion = 15.0.28307.271
MinimumVisualStudioVersion = 10.0.40219.1
Project("{8BC9CEB8-8B4A-11D0-8D11-00A0C91BC942}") = "ReversalSequence", "ReversalSequence\ReversalSequence.vcxproj", "{6898D8CE-62EE-4911-B13C-F15E61B9BCC9}"
EndProject
Global
	GlobalSection(SolutionConfigurationPlatforms) = preSolution
		Debug|x64 = Debug|x64
		Debug|x86 = Debug|x86
		Release|x64 = Release|x64
		Release|x86 = Release|x86
	EndGlobalSection
	GlobalSection(ProjectConfigurationPlatforms) = postSolution
		{6898D8CE-62EE-4911-B13C-F15E61B9BCC9}.Debug|x64.ActiveCfg = Debug|x64
		{6898D8CE-62EE-4911-B13C-F15E61B9BCC9}.Debug|x64.Build.0 = Debug|x64
		{6898D8CE-62EE-4911-B13C-F15E61B9BCC9}.Debug|x86.ActiveCfg = Debug|Win32
		{6898D8CE-62EE-4911-B13C-F15E61B9BCC9}.Debug|x86.Build.0 = Debug|Win32
		{6898D8CE-62EE-4911-B13C-F15E61B9BCC9}.Release|x64.ActiveCfg = Release|x64
		{6898D8CE-62EE-4911-B13C-F15E61B9BCC9}.Release|x64.Build.0 = Release|x64
		{6898D8CE-62EE-4911-B13C-F15E61B9BCC9}.Release|x86.ActiveCfg = Release|Win32
		{6898D8CE-62EE-4911-B13C-F15E61B9BCC9}.Release|x86.Build.0 = Release|Win32
	EndGlobalSection
	GlobalSection(SolutionProperties) = preSolution
		HideSolutionNode = FALSE
	EndGlobalSection
	GlobalSection(ExtensibilityGlobals) = postSolution
		SolutionGuid = {1BA85922-88E6-4B34-B72A-FACB7C2B2156}
	EndGlobalSection
EndGlobal
