
Microsoft Visual Studio Solution File, Format Version 12.00
# Visual Studio 15
VisualStudioVersion = 15.0.28307.271
MinimumVisualStudioVersion = 10.0.40219.1
Project("{8BC9CEB8-8B4A-11D0-8D11-00A0C91BC942}") = "BuildMapValuesSet", "BuildMapValuesSet\BuildMapValuesSet.vcxproj", "{4F845FE3-099D-491D-951F-D833E9706C11}"
EndProject
Global
	GlobalSection(SolutionConfigurationPlatforms) = preSolution
		Debug|x64 = Debug|x64
		Debug|x86 = Debug|x86
		Release|x64 = Release|x64
		Release|x86 = Release|x86
	EndGlobalSection
	GlobalSection(ProjectConfigurationPlatforms) = postSolution
		{4F845FE3-099D-491D-951F-D833E9706C11}.Debug|x64.ActiveCfg = Debug|x64
		{4F845FE3-099D-491D-951F-D833E9706C11}.Debug|x64.Build.0 = Debug|x64
		{4F845FE3-099D-491D-951F-D833E9706C11}.Debug|x86.ActiveCfg = Debug|Win32
		{4F845FE3-099D-491D-951F-D833E9706C11}.Debug|x86.Build.0 = Debug|Win32
		{4F845FE3-099D-491D-951F-D833E9706C11}.Release|x64.ActiveCfg = Release|x64
		{4F845FE3-099D-491D-951F-D833E9706C11}.Release|x64.Build.0 = Release|x64
		{4F845FE3-099D-491D-951F-D833E9706C11}.Release|x86.ActiveCfg = Release|Win32
		{4F845FE3-099D-491D-951F-D833E9706C11}.Release|x86.Build.0 = Release|Win32
	EndGlobalSection
	GlobalSection(SolutionProperties) = preSolution
		HideSolutionNode = FALSE
	EndGlobalSection
	GlobalSection(ExtensibilityGlobals) = postSolution
		SolutionGuid = {C37E1A45-396F-47CC-806D-9600467B9D2B}
	EndGlobalSection
EndGlobal
