
Microsoft Visual Studio Solution File, Format Version 12.00
# Visual Studio 15
VisualStudioVersion = 15.0.28307.489
MinimumVisualStudioVersion = 10.0.40219.1
Project("{8BC9CEB8-8B4A-11D0-8D11-00A0C91BC942}") = "ComparatorsGenerator", "ComparatorsGenerator\ComparatorsGenerator.vcxproj", "{F08AB189-E1A5-47B1-ACB8-C838309DC64F}"
EndProject
Global
	GlobalSection(SolutionConfigurationPlatforms) = preSolution
		Debug|x64 = Debug|x64
		Debug|x86 = Debug|x86
		Release|x64 = Release|x64
		Release|x86 = Release|x86
	EndGlobalSection
	GlobalSection(ProjectConfigurationPlatforms) = postSolution
		{F08AB189-E1A5-47B1-ACB8-C838309DC64F}.Debug|x64.ActiveCfg = Debug|x64
		{F08AB189-E1A5-47B1-ACB8-C838309DC64F}.Debug|x64.Build.0 = Debug|x64
		{F08AB189-E1A5-47B1-ACB8-C838309DC64F}.Debug|x86.ActiveCfg = Debug|Win32
		{F08AB189-E1A5-47B1-ACB8-C838309DC64F}.Debug|x86.Build.0 = Debug|Win32
		{F08AB189-E1A5-47B1-ACB8-C838309DC64F}.Release|x64.ActiveCfg = Release|x64
		{F08AB189-E1A5-47B1-ACB8-C838309DC64F}.Release|x64.Build.0 = Release|x64
		{F08AB189-E1A5-47B1-ACB8-C838309DC64F}.Release|x86.ActiveCfg = Release|Win32
		{F08AB189-E1A5-47B1-ACB8-C838309DC64F}.Release|x86.Build.0 = Release|Win32
	EndGlobalSection
	GlobalSection(SolutionProperties) = preSolution
		HideSolutionNode = FALSE
	EndGlobalSection
	GlobalSection(ExtensibilityGlobals) = postSolution
		SolutionGuid = {9947299B-DD2A-4C1F-AAF2-629295978FC0}
	EndGlobalSection
EndGlobal
