
Microsoft Visual Studio Solution File, Format Version 12.00
# Visual Studio 15
VisualStudioVersion = 15.0.28307.539
MinimumVisualStudioVersion = 10.0.40219.1
Project("{8BC9CEB8-8B4A-11D0-8D11-00A0C91BC942}") = "ObjectPool", "ObjectPool\ObjectPool.vcxproj", "{D331D147-BDBA-4BEA-A6C1-D38E840E378C}"
EndProject
Global
	GlobalSection(SolutionConfigurationPlatforms) = preSolution
		Debug|x64 = Debug|x64
		Debug|x86 = Debug|x86
		Release|x64 = Release|x64
		Release|x86 = Release|x86
	EndGlobalSection
	GlobalSection(ProjectConfigurationPlatforms) = postSolution
		{D331D147-BDBA-4BEA-A6C1-D38E840E378C}.Debug|x64.ActiveCfg = Debug|x64
		{D331D147-BDBA-4BEA-A6C1-D38E840E378C}.Debug|x64.Build.0 = Debug|x64
		{D331D147-BDBA-4BEA-A6C1-D38E840E378C}.Debug|x86.ActiveCfg = Debug|Win32
		{D331D147-BDBA-4BEA-A6C1-D38E840E378C}.Debug|x86.Build.0 = Debug|Win32
		{D331D147-BDBA-4BEA-A6C1-D38E840E378C}.Release|x64.ActiveCfg = Release|x64
		{D331D147-BDBA-4BEA-A6C1-D38E840E378C}.Release|x64.Build.0 = Release|x64
		{D331D147-BDBA-4BEA-A6C1-D38E840E378C}.Release|x86.ActiveCfg = Release|Win32
		{D331D147-BDBA-4BEA-A6C1-D38E840E378C}.Release|x86.Build.0 = Release|Win32
	EndGlobalSection
	GlobalSection(SolutionProperties) = preSolution
		HideSolutionNode = FALSE
	EndGlobalSection
	GlobalSection(ExtensibilityGlobals) = postSolution
		SolutionGuid = {9BAE66FA-1DD4-4887-B80E-9561A6E10391}
	EndGlobalSection
EndGlobal
