
Microsoft Visual Studio Solution File, Format Version 12.00
# Visual Studio 15
VisualStudioVersion = 15.0.28307.421
MinimumVisualStudioVersion = 10.0.40219.1
Project("{8BC9CEB8-8B4A-11D0-8D11-00A0C91BC942}") = "PartOfSet", "PartOfSet\PartOfSet.vcxproj", "{EC338FDB-1B3A-488A-BA6F-6F73289A44AA}"
EndProject
Global
	GlobalSection(SolutionConfigurationPlatforms) = preSolution
		Debug|x64 = Debug|x64
		Debug|x86 = Debug|x86
		Release|x64 = Release|x64
		Release|x86 = Release|x86
	EndGlobalSection
	GlobalSection(ProjectConfigurationPlatforms) = postSolution
		{EC338FDB-1B3A-488A-BA6F-6F73289A44AA}.Debug|x64.ActiveCfg = Debug|x64
		{EC338FDB-1B3A-488A-BA6F-6F73289A44AA}.Debug|x64.Build.0 = Debug|x64
		{EC338FDB-1B3A-488A-BA6F-6F73289A44AA}.Debug|x86.ActiveCfg = Debug|Win32
		{EC338FDB-1B3A-488A-BA6F-6F73289A44AA}.Debug|x86.Build.0 = Debug|Win32
		{EC338FDB-1B3A-488A-BA6F-6F73289A44AA}.Release|x64.ActiveCfg = Release|x64
		{EC338FDB-1B3A-488A-BA6F-6F73289A44AA}.Release|x64.Build.0 = Release|x64
		{EC338FDB-1B3A-488A-BA6F-6F73289A44AA}.Release|x86.ActiveCfg = Release|Win32
		{EC338FDB-1B3A-488A-BA6F-6F73289A44AA}.Release|x86.Build.0 = Release|Win32
	EndGlobalSection
	GlobalSection(SolutionProperties) = preSolution
		HideSolutionNode = FALSE
	EndGlobalSection
	GlobalSection(ExtensibilityGlobals) = postSolution
		SolutionGuid = {1BE5DE02-6DC0-42FE-8F69-D6230D3779D8}
	EndGlobalSection
EndGlobal
